
Microsoft Visual Studio Solution File, Format Version 12.00
# Visual Studio Version 16
VisualStudioVersion = 16.0.31624.102
MinimumVisualStudioVersion = 10.0.40219.1
Project("{9A19103F-16F7-4668-BE54-9A1E7A4F7556}") = "05032022", "05032022\05032022.csproj", "{EA3A7F53-F3D1-42F7-9F7C-9E91D67CEAC4}"
EndProject
Project("{FAE04EC0-301F-11D3-BF4B-00C04F79EFBC}") = "zadanie_domowe", "zadanie_domowe\zadanie_domowe.csproj", "{FD147D1C-0CD5-41AA-8987-3F0300CDDDE9}"
EndProject
Global
	GlobalSection(SolutionConfigurationPlatforms) = preSolution
		Debug|Any CPU = Debug|Any CPU
		Release|Any CPU = Release|Any CPU
	EndGlobalSection
	GlobalSection(ProjectConfigurationPlatforms) = postSolution
		{EA3A7F53-F3D1-42F7-9F7C-9E91D67CEAC4}.Debug|Any CPU.ActiveCfg = Debug|Any CPU
		{EA3A7F53-F3D1-42F7-9F7C-9E91D67CEAC4}.Debug|Any CPU.Build.0 = Debug|Any CPU
		{EA3A7F53-F3D1-42F7-9F7C-9E91D67CEAC4}.Release|Any CPU.ActiveCfg = Release|Any CPU
		{EA3A7F53-F3D1-42F7-9F7C-9E91D67CEAC4}.Release|Any CPU.Build.0 = Release|Any CPU
		{FD147D1C-0CD5-41AA-8987-3F0300CDDDE9}.Debug|Any CPU.ActiveCfg = Debug|Any CPU
		{FD147D1C-0CD5-41AA-8987-3F0300CDDDE9}.Debug|Any CPU.Build.0 = Debug|Any CPU
		{FD147D1C-0CD5-41AA-8987-3F0300CDDDE9}.Release|Any CPU.ActiveCfg = Release|Any CPU
		{FD147D1C-0CD5-41AA-8987-3F0300CDDDE9}.Release|Any CPU.Build.0 = Release|Any CPU
	EndGlobalSection
	GlobalSection(SolutionProperties) = preSolution
		HideSolutionNode = FALSE
	EndGlobalSection
	GlobalSection(ExtensibilityGlobals) = postSolution
		SolutionGuid = {F9BEBAE0-3386-43C2-8980-C59B9FE33521}
	EndGlobalSection
EndGlobal
